
Microsoft Visual Studio Solution File, Format Version 12.00
# Visual Studio Version 16
VisualStudioVersion = 16.0.30717.126
MinimumVisualStudioVersion = 10.0.40219.1
Project("{FAE04EC0-301F-11D3-BF4B-00C04F79EFBC}") = "Course", "Course\Course.csproj", "{73BBB46F-D8F7-4C74-8438-ED034352F646}"
EndProject
Global
	GlobalSection(SolutionConfigurationPlatforms) = preSolution
		Debug|Any CPU = Debug|Any CPU
		Release|Any CPU = Release|Any CPU
	EndGlobalSection
	GlobalSection(ProjectConfigurationPlatforms) = postSolution
		{73BBB46F-D8F7-4C74-8438-ED034352F646}.Debug|Any CPU.ActiveCfg = Debug|Any CPU
		{73BBB46F-D8F7-4C74-8438-ED034352F646}.Debug|Any CPU.Build.0 = Debug|Any CPU
		{73BBB46F-D8F7-4C74-8438-ED034352F646}.Release|Any CPU.ActiveCfg = Release|Any CPU
		{73BBB46F-D8F7-4C74-8438-ED034352F646}.Release|Any CPU.Build.0 = Release|Any CPU
	EndGlobalSection
	GlobalSection(SolutionProperties) = preSolution
		HideSolutionNode = FALSE
	EndGlobalSection
	GlobalSection(ExtensibilityGlobals) = postSolution
		SolutionGuid = {AC2E3D54-799F-4123-8947-8C31EDF227D2}
	EndGlobalSection
EndGlobal
